// !$*UTF8*$!
{
	archiveVersion = 1;
	classes = {
	};
	objectVersion = 46;
	objects = {

/* Begin PBXBuildFile section */
		1B2C79541E48178000B1136A /* pokemonFont.ttf in Resources */ = {isa = PBXBuildFile; fileRef = 1B2C79531E48178000B1136A /* pokemonFont.ttf */; };
		1B2C79591E4819F000B1136A /* music.png in Resources */ = {isa = PBXBuildFile; fileRef = 1B2C79581E4819F000B1136A /* music.png */; };
		1B2C795B1E481AB900B1136A /* music.mp3 in Resources */ = {isa = PBXBuildFile; fileRef = 1B2C795A1E481AB900B1136A /* music.mp3 */; };
		1B2C79611E49507900B1136A /* PokemonDetailVC.swift in Sources */ = {isa = PBXBuildFile; fileRef = 1B2C79601E49507900B1136A /* PokemonDetailVC.swift */; };
		1BF5A9DE1E452677002F34DF /* AppDelegate.swift in Sources */ = {isa = PBXBuildFile; fileRef = 1BF5A9DD1E452677002F34DF /* AppDelegate.swift */; };
		1BF5A9E01E452677002F34DF /* ViewController.swift in Sources */ = {isa = PBXBuildFile; fileRef = 1BF5A9DF1E452677002F34DF /* ViewController.swift */; };
		1BF5A9E31E452677002F34DF /* Main.storyboard in Resources */ = {isa = PBXBuildFile; fileRef = 1BF5A9E11E452677002F34DF /* Main.storyboard */; };
		1BF5A9E51E452677002F34DF /* Assets.xcassets in Resources */ = {isa = PBXBuildFile; fileRef = 1BF5A9E41E452677002F34DF /* Assets.xcassets */; };
		1BF5A9E81E452677002F34DF /* LaunchScreen.storyboard in Resources */ = {isa = PBXBuildFile; fileRef = 1BF5A9E61E452677002F34DF /* LaunchScreen.storyboard */; };
		1BF5AA0C1E4528EE002F34DF /* pokemon.csv in Resources */ = {isa = PBXBuildFile; fileRef = 1BF5AA0B1E4528EE002F34DF /* pokemon.csv */; };
		1BF5AA0F1E452C5F002F34DF /* Pokemon.swift in Sources */ = {isa = PBXBuildFile; fileRef = 1BF5AA0E1E452C5F002F34DF /* Pokemon.swift */; };
		1BF5AA111E45371E002F34DF /* bg.png in Resources */ = {isa = PBXBuildFile; fileRef = 1BF5AA101E45371E002F34DF /* bg.png */; };
		1BF5AA141E453F2F002F34DF /* PokeCell.swift in Sources */ = {isa = PBXBuildFile; fileRef = 1BF5AA131E453F2F002F34DF /* PokeCell.swift */; };
		1BF5AA161E48069B002F34DF /* csv.swift in Sources */ = {isa = PBXBuildFile; fileRef = 1BF5AA151E48069B002F34DF /* csv.swift */; };
		3638AE2F0375F60CA9CA0CDC /* Pods_Pokedex.framework in Frameworks */ = {isa = PBXBuildFile; fileRef = B61ABF186E93A3E091C1512B /* Pods_Pokedex.framework */; };
/* End PBXBuildFile section */

/* Begin PBXFileReference section */
		158264B6C5514DCA8B2C0CBC /* Pods-Pokedex.debug.xcconfig */ = {isa = PBXFileReference; includeInIndex = 1; lastKnownFileType = text.xcconfig; name = "Pods-Pokedex.debug.xcconfig"; path = "Pods/Target Support Files/Pods-Pokedex/Pods-Pokedex.debug.xcconfig"; sourceTree = "<group>"; };
		1B2C79531E48178000B1136A /* pokemonFont.ttf */ = {isa = PBXFileReference; lastKnownFileType = file; path = pokemonFont.ttf; sourceTree = "<group>"; };
		1B2C79581E4819F000B1136A /* music.png */ = {isa = PBXFileReference; lastKnownFileType = image.png; path = music.png; sourceTree = "<group>"; };
		1B2C795A1E481AB900B1136A /* music.mp3 */ = {isa = PBXFileReference; lastKnownFileType = audio.mp3; path = music.mp3; sourceTree = "<group>"; };
		1B2C79601E49507900B1136A /* PokemonDetailVC.swift */ = {isa = PBXFileReference; fileEncoding = 4; lastKnownFileType = sourcecode.swift; path = PokemonDetailVC.swift; sourceTree = "<group>"; };
		1BF5A9DA1E452677002F34DF /* Pokedex.app */ = {isa = PBXFileReference; explicitFileType = wrapper.application; includeInIndex = 0; path = Pokedex.app; sourceTree = BUILT_PRODUCTS_DIR; };
		1BF5A9DD1E452677002F34DF /* AppDelegate.swift */ = {isa = PBXFileReference; lastKnownFileType = sourcecode.swift; path = AppDelegate.swift; sourceTree = "<group>"; };
		1BF5A9DF1E452677002F34DF /* ViewController.swift */ = {isa = PBXFileReference; lastKnownFileType = sourcecode.swift; path = ViewController.swift; sourceTree = "<group>"; };
		1BF5A9E21E452677002F34DF /* Base */ = {isa = PBXFileReference; lastKnownFileType = file.storyboard; name = Base; path = Base.lproj/Main.storyboard; sourceTree = "<group>"; };
		1BF5A9E41E452677002F34DF /* Assets.xcassets */ = {isa = PBXFileReference; lastKnownFileType = folder.assetcatalog; path = Assets.xcassets; sourceTree = "<group>"; };
		1BF5A9E71E452677002F34DF /* Base */ = {isa = PBXFileReference; lastKnownFileType = file.storyboard; name = Base; path = Base.lproj/LaunchScreen.storyboard; sourceTree = "<group>"; };
		1BF5A9E91E452677002F34DF /* Info.plist */ = {isa = PBXFileReference; lastKnownFileType = text.plist.xml; path = Info.plist; sourceTree = "<group>"; };
		1BF5AA0B1E4528EE002F34DF /* pokemon.csv */ = {isa = PBXFileReference; fileEncoding = 4; lastKnownFileType = text; path = pokemon.csv; sourceTree = "<group>"; };
		1BF5AA0E1E452C5F002F34DF /* Pokemon.swift */ = {isa = PBXFileReference; fileEncoding = 4; lastKnownFileType = sourcecode.swift; path = Pokemon.swift; sourceTree = "<group>"; };
		1BF5AA101E45371E002F34DF /* bg.png */ = {isa = PBXFileReference; lastKnownFileType = image.png; path = bg.png; sourceTree = "<group>"; };
		1BF5AA131E453F2F002F34DF /* PokeCell.swift */ = {isa = PBXFileReference; fileEncoding = 4; lastKnownFileType = sourcecode.swift; path = PokeCell.swift; sourceTree = "<group>"; };
		1BF5AA151E48069B002F34DF /* csv.swift */ = {isa = PBXFileReference; fileEncoding = 4; lastKnownFileType = sourcecode.swift; path = csv.swift; sourceTree = "<group>"; };
		B61ABF186E93A3E091C1512B /* Pods_Pokedex.framework */ = {isa = PBXFileReference; explicitFileType = wrapper.framework; includeInIndex = 0; path = Pods_Pokedex.framework; sourceTree = BUILT_PRODUCTS_DIR; };
		EFC4E18C780CDB6546034C21 /* Pods-Pokedex.release.xcconfig */ = {isa = PBXFileReference; includeInIndex = 1; lastKnownFileType = text.xcconfig; name = "Pods-Pokedex.release.xcconfig"; path = "Pods/Target Support Files/Pods-Pokedex/Pods-Pokedex.release.xcconfig"; sourceTree = "<group>"; };
/* End PBXFileReference section */

/* Begin PBXFrameworksBuildPhase section */
		1BF5A9D71E452677002F34DF /* Frameworks */ = {
			isa = PBXFrameworksBuildPhase;
			buildActionMask = 2147483647;
			files = (
				3638AE2F0375F60CA9CA0CDC /* Pods_Pokedex.framework in Frameworks */,
			);
			runOnlyForDeploymentPostprocessing = 0;
		};
/* End PBXFrameworksBuildPhase section */

/* Begin PBXGroup section */
		1B2C79551E4817C600B1136A /* Controller */ = {
			isa = PBXGroup;
			children = (
				1BF5A9DF1E452677002F34DF /* ViewController.swift */,
				1B2C79601E49507900B1136A /* PokemonDetailVC.swift */,
			);
			name = Controller;
			sourceTree = "<group>";
		};
		1B2C79561E4817E600B1136A /* Resources */ = {
			isa = PBXGroup;
			children = (
				1B2C79581E4819F000B1136A /* music.png */,
				1B2C795A1E481AB900B1136A /* music.mp3 */,
				1B2C79531E48178000B1136A /* pokemonFont.ttf */,
				1BF5AA0B1E4528EE002F34DF /* pokemon.csv */,
				1BF5AA101E45371E002F34DF /* bg.png */,
			);
			name = Resources;
			sourceTree = "<group>";
		};
		1B2C79571E48181D00B1136A /* Util */ = {
			isa = PBXGroup;
			children = (
				1BF5AA151E48069B002F34DF /* csv.swift */,
			);
			name = Util;
			sourceTree = "<group>";
		};
		1BF5A9D11E452677002F34DF = {
			isa = PBXGroup;
			children = (
				1BF5A9DC1E452677002F34DF /* Pokedex */,
				1BF5A9DB1E452677002F34DF /* Products */,
				E3E4DAA1F1E50FDA2E36FEF6 /* Pods */,
				B8B8513F2ED9FBE7A1426D54 /* Frameworks */,
			);
			sourceTree = "<group>";
		};
		1BF5A9DB1E452677002F34DF /* Products */ = {
			isa = PBXGroup;
			children = (
				1BF5A9DA1E452677002F34DF /* Pokedex.app */,
			);
			name = Products;
			sourceTree = "<group>";
		};
		1BF5A9DC1E452677002F34DF /* Pokedex */ = {
			isa = PBXGroup;
			children = (
				1BF5AA0D1E452C4B002F34DF /* Model */,
				1BF5AA121E453F00002F34DF /* View */,
				1B2C79551E4817C600B1136A /* Controller */,
				1BF5A9DD1E452677002F34DF /* AppDelegate.swift */,
				1BF5A9E11E452677002F34DF /* Main.storyboard */,
				1B2C79571E48181D00B1136A /* Util */,
				1B2C79561E4817E600B1136A /* Resources */,
				1BF5A9E41E452677002F34DF /* Assets.xcassets */,
				1BF5A9E61E452677002F34DF /* LaunchScreen.storyboard */,
				1BF5A9E91E452677002F34DF /* Info.plist */,
			);
			path = Pokedex;
			sourceTree = "<group>";
		};
		1BF5AA0D1E452C4B002F34DF /* Model */ = {
			isa = PBXGroup;
			children = (
				1BF5AA0E1E452C5F002F34DF /* Pokemon.swift */,
			);
			name = Model;
			sourceTree = "<group>";
		};
		1BF5AA121E453F00002F34DF /* View */ = {
			isa = PBXGroup;
			children = (
				1BF5AA131E453F2F002F34DF /* PokeCell.swift */,
			);
			name = View;
			sourceTree = "<group>";
		};
		B8B8513F2ED9FBE7A1426D54 /* Frameworks */ = {
			isa = PBXGroup;
			children = (
				B61ABF186E93A3E091C1512B /* Pods_Pokedex.framework */,
			);
			name = Frameworks;
			sourceTree = "<group>";
		};
		E3E4DAA1F1E50FDA2E36FEF6 /* Pods */ = {
			isa = PBXGroup;
			children = (
				158264B6C5514DCA8B2C0CBC /* Pods-Pokedex.debug.xcconfig */,
				EFC4E18C780CDB6546034C21 /* Pods-Pokedex.release.xcconfig */,
			);
			name = Pods;
			sourceTree = "<group>";
		};
/* End PBXGroup section */

/* Begin PBXNativeTarget section */
		1BF5A9D91E452677002F34DF /* Pokedex */ = {
			isa = PBXNativeTarget;
			buildConfigurationList = 1BF5AA021E452677002F34DF /* Build configuration list for PBXNativeTarget "Pokedex" */;
			buildPhases = (
				E0D5E43BA9F09CED3641BCF5 /* [CP] Check Pods Manifest.lock */,
				1BF5A9D61E452677002F34DF /* Sources */,
				1BF5A9D71E452677002F34DF /* Frameworks */,
				1BF5A9D81E452677002F34DF /* Resources */,
				EEE0FC4C78EE9A5376321766 /* [CP] Embed Pods Frameworks */,
				A2536C3756708C93972A2855 /* [CP] Copy Pods Resources */,
			);
			buildRules = (
			);
			dependencies = (
			);
			name = Pokedex;
			productName = Pokedex;
			productReference = 1BF5A9DA1E452677002F34DF /* Pokedex.app */;
			productType = "com.apple.product-type.application";
		};
/* End PBXNativeTarget section */

/* Begin PBXProject section */
		1BF5A9D21E452677002F34DF /* Project object */ = {
			isa = PBXProject;
			attributes = {
				LastSwiftUpdateCheck = 0820;
				LastUpgradeCheck = 0820;
				ORGANIZATIONNAME = spencerdezartsmith;
				TargetAttributes = {
					1BF5A9D91E452677002F34DF = {
						CreatedOnToolsVersion = 8.2.1;
						DevelopmentTeam = 98E627NAQV;
						LastSwiftMigration = 0820;
						ProvisioningStyle = Automatic;
					};
				};
			};
			buildConfigurationList = 1BF5A9D51E452677002F34DF /* Build configuration list for PBXProject "Pokedex" */;
			compatibilityVersion = "Xcode 3.2";
			developmentRegion = English;
			hasScannedForEncodings = 0;
			knownRegions = (
				en,
				Base,
			);
			mainGroup = 1BF5A9D11E452677002F34DF;
			productRefGroup = 1BF5A9DB1E452677002F34DF /* Products */;
			projectDirPath = "";
			projectRoot = "";
			targets = (
				1BF5A9D91E452677002F34DF /* Pokedex */,
			);
		};
/* End PBXProject section */

/* Begin PBXResourcesBuildPhase section */
		1BF5A9D81E452677002F34DF /* Resources */ = {
			isa = PBXResourcesBuildPhase;
			buildActionMask = 2147483647;
			files = (
				1B2C795B1E481AB900B1136A /* music.mp3 in Resources */,
				1BF5A9E81E452677002F34DF /* LaunchScreen.storyboard in Resources */,
				1B2C79591E4819F000B1136A /* music.png in Resources */,
				1BF5A9E51E452677002F34DF /* Assets.xcassets in Resources */,
				1BF5AA111E45371E002F34DF /* bg.png in Resources */,
				1B2C79541E48178000B1136A /* pokemonFont.ttf in Resources */,
				1BF5AA0C1E4528EE002F34DF /* pokemon.csv in Resources */,
				1BF5A9E31E452677002F34DF /* Main.storyboard in Resources */,
			);
			runOnlyForDeploymentPostprocessing = 0;
		};
/* End PBXResourcesBuildPhase section */

/* Begin PBXShellScriptBuildPhase section */
		A2536C3756708C93972A2855 /* [CP] Copy Pods Resources */ = {
			isa = PBXShellScriptBuildPhase;
			buildActionMask = 2147483647;
			files = (
			);
			inputPaths = (
			);
			name = "[CP] Copy Pods Resources";
			outputPaths = (
			);
			runOnlyForDeploymentPostprocessing = 0;
			shellPath = /bin/sh;
			shellScript = "\"${SRCROOT}/Pods/Target Support Files/Pods-Pokedex/Pods-Pokedex-resources.sh\"\n";
			showEnvVarsInLog = 0;
		};
		E0D5E43BA9F09CED3641BCF5 /* [CP] Check Pods Manifest.lock */ = {
			isa = PBXShellScriptBuildPhase;
			buildActionMask = 2147483647;
			files = (
			);
			inputPaths = (
			);
			name = "[CP] Check Pods Manifest.lock";
			outputPaths = (
			);
			runOnlyForDeploymentPostprocessing = 0;
			shellPath = /bin/sh;
			shellScript = "diff \"${PODS_ROOT}/../Podfile.lock\" \"${PODS_ROOT}/Manifest.lock\" > /dev/null\nif [ $? != 0 ] ; then\n    # print error to STDERR\n    echo \"error: The sandbox is not in sync with the Podfile.lock. Run 'pod install' or update your CocoaPods installation.\" >&2\n    exit 1\nfi\n";
			showEnvVarsInLog = 0;
		};
		EEE0FC4C78EE9A5376321766 /* [CP] Embed Pods Frameworks */ = {
			isa = PBXShellScriptBuildPhase;
			buildActionMask = 2147483647;
			files = (
			);
			inputPaths = (
			);
			name = "[CP] Embed Pods Frameworks";
			outputPaths = (
			);
			runOnlyForDeploymentPostprocessing = 0;
			shellPath = /bin/sh;
			shellScript = "\"${SRCROOT}/Pods/Target Support Files/Pods-Pokedex/Pods-Pokedex-frameworks.sh\"\n";
			showEnvVarsInLog = 0;
		};
/* End PBXShellScriptBuildPhase section */

/* Begin PBXSourcesBuildPhase section */
		1BF5A9D61E452677002F34DF /* Sources */ = {
			isa = PBXSourcesBuildPhase;
			buildActionMask = 2147483647;
			files = (
				1BF5AA141E453F2F002F34DF /* PokeCell.swift in Sources */,
				1BF5A9E01E452677002F34DF /* ViewController.swift in Sources */,
				1BF5A9DE1E452677002F34DF /* AppDelegate.swift in Sources */,
				1B2C79611E49507900B1136A /* PokemonDetailVC.swift in Sources */,
				1BF5AA0F1E452C5F002F34DF /* Pokemon.swift in Sources */,
				1BF5AA161E48069B002F34DF /* csv.swift in Sources */,
			);
			runOnlyForDeploymentPostprocessing = 0;
		};
/* End PBXSourcesBuildPhase section */

/* Begin PBXVariantGroup section */
		1BF5A9E11E452677002F34DF /* Main.storyboard */ = {
			isa = PBXVariantGroup;
			children = (
				1BF5A9E21E452677002F34DF /* Base */,
			);
			name = Main.storyboard;
			sourceTree = "<group>";
		};
		1BF5A9E61E452677002F34DF /* LaunchScreen.storyboard */ = {
			isa = PBXVariantGroup;
			children = (
				1BF5A9E71E452677002F34DF /* Base */,
			);
			name = LaunchScreen.storyboard;
			sourceTree = "<group>";
		};
/* End PBXVariantGroup section */

/* Begin XCBuildConfiguration section */
		1BF5AA001E452677002F34DF /* Debug */ = {
			isa = XCBuildConfiguration;
			buildSettings = {
				ALWAYS_SEARCH_USER_PATHS = NO;
				CLANG_ANALYZER_NONNULL = YES;
				CLANG_CXX_LANGUAGE_STANDARD = "gnu++0x";
				CLANG_CXX_LIBRARY = "libc++";
				CLANG_ENABLE_MODULES = YES;
				CLANG_ENABLE_OBJC_ARC = YES;
				CLANG_WARN_BOOL_CONVERSION = YES;
				CLANG_WARN_CONSTANT_CONVERSION = YES;
				CLANG_WARN_DIRECT_OBJC_ISA_USAGE = YES_ERROR;
				CLANG_WARN_DOCUMENTATION_COMMENTS = YES;
				CLANG_WARN_EMPTY_BODY = YES;
				CLANG_WARN_ENUM_CONVERSION = YES;
				CLANG_WARN_INFINITE_RECURSION = YES;
				CLANG_WARN_INT_CONVERSION = YES;
				CLANG_WARN_OBJC_ROOT_CLASS = YES_ERROR;
				CLANG_WARN_SUSPICIOUS_MOVE = YES;
				CLANG_WARN_UNREACHABLE_CODE = YES;
				CLANG_WARN__DUPLICATE_METHOD_MATCH = YES;
				"CODE_SIGN_IDENTITY[sdk=iphoneos*]" = "iPhone Developer";
				COPY_PHASE_STRIP = NO;
				DEBUG_INFORMATION_FORMAT = dwarf;
				ENABLE_STRICT_OBJC_MSGSEND = YES;
				ENABLE_TESTABILITY = YES;
				GCC_C_LANGUAGE_STANDARD = gnu99;
				GCC_DYNAMIC_NO_PIC = NO;
				GCC_NO_COMMON_BLOCKS = YES;
				GCC_OPTIMIZATION_LEVEL = 0;
				GCC_PREPROCESSOR_DEFINITIONS = (
					"DEBUG=1",
					"$(inherited)",
				);
				GCC_WARN_64_TO_32_BIT_CONVERSION = YES;
				GCC_WARN_ABOUT_RETURN_TYPE = YES_ERROR;
				GCC_WARN_UNDECLARED_SELECTOR = YES;
				GCC_WARN_UNINITIALIZED_AUTOS = YES_AGGRESSIVE;
				GCC_WARN_UNUSED_FUNCTION = YES;
				GCC_WARN_UNUSED_VARIABLE = YES;
				IPHONEOS_DEPLOYMENT_TARGET = 10.2;
				MTL_ENABLE_DEBUG_INFO = YES;
				ONLY_ACTIVE_ARCH = YES;
				SDKROOT = iphoneos;
				SWIFT_ACTIVE_COMPILATION_CONDITIONS = DEBUG;
				SWIFT_OPTIMIZATION_LEVEL = "-Onone";
			};
			name = Debug;
		};
		1BF5AA011E452677002F34DF /* Release */ = {
			isa = XCBuildConfiguration;
			buildSettings = {
				ALWAYS_SEARCH_USER_PATHS = NO;
				CLANG_ANALYZER_NONNULL = YES;
				CLANG_CXX_LANGUAGE_STANDARD = "gnu++0x";
				CLANG_CXX_LIBRARY = "libc++";
				CLANG_ENABLE_MODULES = YES;
				CLANG_ENABLE_OBJC_ARC = YES;
				CLANG_WARN_BOOL_CONVERSION = YES;
				CLANG_WARN_CONSTANT_CONVERSION = YES;
				CLANG_WARN_DIRECT_OBJC_ISA_USAGE = YES_ERROR;
				CLANG_WARN_DOCUMENTATION_COMMENTS = YES;
				CLANG_WARN_EMPTY_BODY = YES;
				CLANG_WARN_ENUM_CONVERSION = YES;
				CLANG_WARN_INFINITE_RECURSION = YES;
				CLANG_WARN_INT_CONVERSION = YES;
				CLANG_WARN_OBJC_ROOT_CLASS = YES_ERROR;
				CLANG_WARN_SUSPICIOUS_MOVE = YES;
				CLANG_WARN_UNREACHABLE_CODE = YES;
				CLANG_WARN__DUPLICATE_METHOD_MATCH = YES;
				"CODE_SIGN_IDENTITY[sdk=iphoneos*]" = "iPhone Developer";
				COPY_PHASE_STRIP = NO;
				DEBUG_INFORMATION_FORMAT = "dwarf-with-dsym";
				ENABLE_NS_ASSERTIONS = NO;
				ENABLE_STRICT_OBJC_MSGSEND = YES;
				GCC_C_LANGUAGE_STANDARD = gnu99;
				GCC_NO_COMMON_BLOCKS = YES;
				GCC_WARN_64_TO_32_BIT_CONVERSION = YES;
				GCC_WARN_ABOUT_RETURN_TYPE = YES_ERROR;
				GCC_WARN_UNDECLARED_SELECTOR = YES;
				GCC_WARN_UNINITIALIZED_AUTOS = YES_AGGRESSIVE;
				GCC_WARN_UNUSED_FUNCTION = YES;
				GCC_WARN_UNUSED_VARIABLE = YES;
				IPHONEOS_DEPLOYMENT_TARGET = 10.2;
				MTL_ENABLE_DEBUG_INFO = NO;
				SDKROOT = iphoneos;
				SWIFT_OPTIMIZATION_LEVEL = "-Owholemodule";
				VALIDATE_PRODUCT = YES;
			};
			name = Release;
		};
		1BF5AA031E452677002F34DF /* Debug */ = {
			isa = XCBuildConfiguration;
			baseConfigurationReference = 158264B6C5514DCA8B2C0CBC /* Pods-Pokedex.debug.xcconfig */;
			buildSettings = {
				ASSETCATALOG_COMPILER_APPICON_NAME = AppIcon;
				DEVELOPMENT_TEAM = 98E627NAQV;
				INFOPLIST_FILE = Pokedex/Info.plist;
				LD_RUNPATH_SEARCH_PATHS = "$(inherited) @executable_path/Frameworks";
				PRODUCT_BUNDLE_IDENTIFIER = boyfriend.Pokedex;
				PRODUCT_NAME = "$(TARGET_NAME)";
				SWIFT_VERSION = 3.0;
			};
			name = Debug;
		};
		1BF5AA041E452677002F34DF /* Release */ = {
			isa = XCBuildConfiguration;
			baseConfigurationReference = EFC4E18C780CDB6546034C21 /* Pods-Pokedex.release.xcconfig */;
			buildSettings = {
				ASSETCATALOG_COMPILER_APPICON_NAME = AppIcon;
				DEVELOPMENT_TEAM = 98E627NAQV;
				INFOPLIST_FILE = Pokedex/Info.plist;
				LD_RUNPATH_SEARCH_PATHS = "$(inherited) @executable_path/Frameworks";
				PRODUCT_BUNDLE_IDENTIFIER = boyfriend.Pokedex;
				PRODUCT_NAME = "$(TARGET_NAME)";
				SWIFT_VERSION = 3.0;
			};
			name = Release;
		};
/* End XCBuildConfiguration section */

/* Begin XCConfigurationList section */
		1BF5A9D51E452677002F34DF /* Build configuration list for PBXProject "Pokedex" */ = {
			isa = XCConfigurationList;
			buildConfigurations = (
				1BF5AA001E452677002F34DF /* Debug */,
				1BF5AA011E452677002F34DF /* Release */,
			);
			defaultConfigurationIsVisible = 0;
			defaultConfigurationName = Release;
		};
		1BF5AA021E452677002F34DF /* Build configuration list for PBXNativeTarget "Pokedex" */ = {
			isa = XCConfigurationList;
			buildConfigurations = (
				1BF5AA031E452677002F34DF /* Debug */,
				1BF5AA041E452677002F34DF /* Release */,
			);
			defaultConfigurationIsVisible = 0;
			defaultConfigurationName = Release;
		};
/* End XCConfigurationList section */
	};
	rootObject = 1BF5A9D21E452677002F34DF /* Project object */;
}
